
Microsoft Visual Studio Solution File, Format Version 12.00
# Visual Studio Version 16
VisualStudioVersion = 16.0.30804.86
MinimumVisualStudioVersion = 10.0.40219.1
Project("{FAE04EC0-301F-11D3-BF4B-00C04F79EFBC}") = "jskr", "jskr\jskr.csproj", "{06952F19-6DB0-4F5D-A65E-49277A27338C}"
EndProject
Global
	GlobalSection(SolutionConfigurationPlatforms) = preSolution
		Debug|Any CPU = Debug|Any CPU
		Release|Any CPU = Release|Any CPU
	EndGlobalSection
	GlobalSection(ProjectConfigurationPlatforms) = postSolution
		{06952F19-6DB0-4F5D-A65E-49277A27338C}.Debug|Any CPU.ActiveCfg = Debug|Any CPU
		{06952F19-6DB0-4F5D-A65E-49277A27338C}.Debug|Any CPU.Build.0 = Debug|Any CPU
		{06952F19-6DB0-4F5D-A65E-49277A27338C}.Release|Any CPU.ActiveCfg = Release|Any CPU
		{06952F19-6DB0-4F5D-A65E-49277A27338C}.Release|Any CPU.Build.0 = Release|Any CPU
	EndGlobalSection
	GlobalSection(SolutionProperties) = preSolution
		HideSolutionNode = FALSE
	EndGlobalSection
	GlobalSection(ExtensibilityGlobals) = postSolution
		SolutionGuid = {2BC2431A-C736-4F09-9F2C-368D12183746}
	EndGlobalSection
EndGlobal
